
Microsoft Visual Studio Solution File, Format Version 12.00
# Visual Studio Version 16
VisualStudioVersion = 16.0.34931.43
MinimumVisualStudioVersion = 10.0.40219.1
Project("{FAE04EC0-301F-11D3-BF4B-00C04F79EFBC}") = "Math Game", "Math Game\Math Game.csproj", "{EDFFA395-41CC-4ECC-8252-7720685127A4}"
EndProject
Global
	GlobalSection(SolutionConfigurationPlatforms) = preSolution
		Debug|Any CPU = Debug|Any CPU
		Release|Any CPU = Release|Any CPU
	EndGlobalSection
	GlobalSection(ProjectConfigurationPlatforms) = postSolution
		{EDFFA395-41CC-4ECC-8252-7720685127A4}.Debug|Any CPU.ActiveCfg = Debug|Any CPU
		{EDFFA395-41CC-4ECC-8252-7720685127A4}.Debug|Any CPU.Build.0 = Debug|Any CPU
		{EDFFA395-41CC-4ECC-8252-7720685127A4}.Release|Any CPU.ActiveCfg = Release|Any CPU
		{EDFFA395-41CC-4ECC-8252-7720685127A4}.Release|Any CPU.Build.0 = Release|Any CPU
	EndGlobalSection
	GlobalSection(SolutionProperties) = preSolution
		HideSolutionNode = FALSE
	EndGlobalSection
	GlobalSection(ExtensibilityGlobals) = postSolution
		SolutionGuid = {086C06CA-0333-4746-AFFC-70E8D333DE96}
	EndGlobalSection
EndGlobal
